
Microsoft Visual Studio Solution File, Format Version 12.00
Project("{2150E333-8FDC-42A3-9474-1A3956D46DE8}") = "Core", "Core", "{134CA7A8-12EE-4D71-BECC-25F805D06AEC}"
EndProject
Project("{FAE04EC0-301F-11D3-BF4B-00C04F79EFBC}") = "ETicaretApı.Domain", "Core\ETicaretApı.Domain\ETicaretApı.Domain.csproj", "{A03BC4DE-F76C-4D88-80E6-57ED1497AAD5}"
EndProject
Project("{FAE04EC0-301F-11D3-BF4B-00C04F79EFBC}") = "ETicaretApı.Application", "Core\ETicaretApı.Application\ETicaretApı.Application.csproj", "{9C7EAF22-37D2-431F-A45B-CCD23548C0A4}"
EndProject
Project("{2150E333-8FDC-42A3-9474-1A3956D46DE8}") = "Infrasturacture", "Infrasturacture", "{33F5E942-9A6B-4173-A851-A186E4452BCC}"
EndProject
Project("{FAE04EC0-301F-11D3-BF4B-00C04F79EFBC}") = "ETicaretApı.Infrasturacture", "Infrasturacture\ETicaretApı.Infrasturacture\ETicaretApı.Infrasturacture.csproj", "{1CE3B332-83CF-4CC2-A539-8FCF1B23A13A}"
EndProject
Project("{FAE04EC0-301F-11D3-BF4B-00C04F79EFBC}") = "ETicaret.Apı.Persistence", "Infrasturacture\ETicaret.Apı.Persistence\ETicaret.Apı.Persistence.csproj", "{A9F78EF7-09DA-418C-8C32-F495087AAFEF}"
EndProject
Project("{2150E333-8FDC-42A3-9474-1A3956D46DE8}") = "Presentation", "Presentation", "{09B39642-248B-4E82-B65F-248E4A987EED}"
EndProject
Project("{FAE04EC0-301F-11D3-BF4B-00C04F79EFBC}") = "ETicaretApı.API", "Presentation\ETicaretApı.API\ETicaretApı.API.csproj", "{C10835B4-B148-49FA-BA41-02248A03C0C1}"
EndProject
Global
	GlobalSection(SolutionConfigurationPlatforms) = preSolution
		Debug|Any CPU = Debug|Any CPU
		Release|Any CPU = Release|Any CPU
	EndGlobalSection
	GlobalSection(NestedProjects) = preSolution
		{A03BC4DE-F76C-4D88-80E6-57ED1497AAD5} = {134CA7A8-12EE-4D71-BECC-25F805D06AEC}
		{9C7EAF22-37D2-431F-A45B-CCD23548C0A4} = {134CA7A8-12EE-4D71-BECC-25F805D06AEC}
		{1CE3B332-83CF-4CC2-A539-8FCF1B23A13A} = {33F5E942-9A6B-4173-A851-A186E4452BCC}
		{A9F78EF7-09DA-418C-8C32-F495087AAFEF} = {33F5E942-9A6B-4173-A851-A186E4452BCC}
		{C10835B4-B148-49FA-BA41-02248A03C0C1} = {09B39642-248B-4E82-B65F-248E4A987EED}
	EndGlobalSection
	GlobalSection(ProjectConfigurationPlatforms) = postSolution
		{A03BC4DE-F76C-4D88-80E6-57ED1497AAD5}.Debug|Any CPU.ActiveCfg = Debug|Any CPU
		{A03BC4DE-F76C-4D88-80E6-57ED1497AAD5}.Debug|Any CPU.Build.0 = Debug|Any CPU
		{A03BC4DE-F76C-4D88-80E6-57ED1497AAD5}.Release|Any CPU.ActiveCfg = Release|Any CPU
		{A03BC4DE-F76C-4D88-80E6-57ED1497AAD5}.Release|Any CPU.Build.0 = Release|Any CPU
		{9C7EAF22-37D2-431F-A45B-CCD23548C0A4}.Debug|Any CPU.ActiveCfg = Debug|Any CPU
		{9C7EAF22-37D2-431F-A45B-CCD23548C0A4}.Debug|Any CPU.Build.0 = Debug|Any CPU
		{9C7EAF22-37D2-431F-A45B-CCD23548C0A4}.Release|Any CPU.ActiveCfg = Release|Any CPU
		{9C7EAF22-37D2-431F-A45B-CCD23548C0A4}.Release|Any CPU.Build.0 = Release|Any CPU
		{1CE3B332-83CF-4CC2-A539-8FCF1B23A13A}.Debug|Any CPU.ActiveCfg = Debug|Any CPU
		{1CE3B332-83CF-4CC2-A539-8FCF1B23A13A}.Debug|Any CPU.Build.0 = Debug|Any CPU
		{1CE3B332-83CF-4CC2-A539-8FCF1B23A13A}.Release|Any CPU.ActiveCfg = Release|Any CPU
		{1CE3B332-83CF-4CC2-A539-8FCF1B23A13A}.Release|Any CPU.Build.0 = Release|Any CPU
		{A9F78EF7-09DA-418C-8C32-F495087AAFEF}.Debug|Any CPU.ActiveCfg = Debug|Any CPU
		{A9F78EF7-09DA-418C-8C32-F495087AAFEF}.Debug|Any CPU.Build.0 = Debug|Any CPU
		{A9F78EF7-09DA-418C-8C32-F495087AAFEF}.Release|Any CPU.ActiveCfg = Release|Any CPU
		{A9F78EF7-09DA-418C-8C32-F495087AAFEF}.Release|Any CPU.Build.0 = Release|Any CPU
		{C10835B4-B148-49FA-BA41-02248A03C0C1}.Debug|Any CPU.ActiveCfg = Debug|Any CPU
		{C10835B4-B148-49FA-BA41-02248A03C0C1}.Debug|Any CPU.Build.0 = Debug|Any CPU
		{C10835B4-B148-49FA-BA41-02248A03C0C1}.Release|Any CPU.ActiveCfg = Release|Any CPU
		{C10835B4-B148-49FA-BA41-02248A03C0C1}.Release|Any CPU.Build.0 = Release|Any CPU
	EndGlobalSection
EndGlobal
